{
  "requires": true,
  "lockfileVersion": 1,
  "dependencies": {
    "@scarf/scarf": {
      "version": "0.1.5",
      "resolved": "https://registry.npmjs.org/@scarf/scarf/-/scarf-0.1.5.tgz",
      "integrity": "sha512-Fx6atDc7JM1r0WkPCDhNetVZNp+DO21q/HGlomAKBG+k8vb1B8fg8Yige4oCf1P9OWTZWm5tM5i3jlXhrSbNOg=="
    },
    "react-table": {
      "version": "7.0.4",
      "resolved": "https://registry.npmjs.org/react-table/-/react-table-7.0.4.tgz",
      "integrity": "sha512-Uqpj+VnUIvsNWNtNFD1z2i7OCHdlhoJtQt0DWx3XOkZnvDyI/eCghK8YBfA9mY4TW7vEgCDLaRCcREC/fmcx6Q==",
      "requires": {
        "@scarf/scarf": "^0.1.5"
      }
    }
  }
}
